// !$*UTF8*$!
{
	archiveVersion = 1;
	classes = {
	};
	objectVersion = 54;
	objects = {

/* Begin PBXBuildFile section */
		13B07FBF1A68108700A75B9A /* Images.xcassets in Resources */ = {isa = PBXBuildFile; fileRef = 13B07FB51A68108700A75B9A /* Images.xcassets */; };
		38E9B9344B404CCB914B13DE /* Montserrat-VariableFont_wght.ttf in Resources */ = {isa = PBXBuildFile; fileRef = 122A031FA2D24ADEB2BDDCDE /* Montserrat-VariableFont_wght.ttf */; };
		457A794E2EF247A2A3FEBC10 /* Montserrat-SemiBoldItalic.ttf in Resources */ = {isa = PBXBuildFile; fileRef = D6E75B0FBD964BE7AF76DED4 /* Montserrat-SemiBoldItalic.ttf */; };
		4F9D1B14D81A4ABC905D8CED /* Montserrat-Light.ttf in Resources */ = {isa = PBXBuildFile; fileRef = 8895747E8DC54CE4894A433B /* Montserrat-Light.ttf */; };
		5453DF7E9DD74CA6A1523B0C /* Montserrat-Italic-VariableFont_wght.ttf in Resources */ = {isa = PBXBuildFile; fileRef = B69C6BE01B8C46B1B2DA3BF0 /* Montserrat-Italic-VariableFont_wght.ttf */; };
		54A86101ED0CC754F892E4E8 /* libPods-Ec_Services.a in Frameworks */ = {isa = PBXBuildFile; fileRef = DB36A1CF55E3F234AF0FD852 /* libPods-Ec_Services.a */; };
		585A39EAC1CF4F0C9469170A /* OFL.txt in Resources */ = {isa = PBXBuildFile; fileRef = 41651D685B974E2187D78B7D /* OFL.txt */; };
		5914003C31424637A91C7635 /* Montserrat-Bold.ttf in Resources */ = {isa = PBXBuildFile; fileRef = 46BF72E0B4F642AA90614584 /* Montserrat-Bold.ttf */; };
		5992CB5C359F4CBBA6584C71 /* Montserrat-ExtraLight.ttf in Resources */ = {isa = PBXBuildFile; fileRef = AD1692DCD5C24C56BE5802E6 /* Montserrat-ExtraLight.ttf */; };
		5B0F2618C1EC4A7B8BA33601 /* Montserrat-BoldItalic.ttf in Resources */ = {isa = PBXBuildFile; fileRef = 068402F343224B2DA787F0FE /* Montserrat-BoldItalic.ttf */; };
		5B7EEB3487BE4530A2DD5559 /* Montserrat-SemiBold.ttf in Resources */ = {isa = PBXBuildFile; fileRef = 2C228DB10B1D4CAF80994344 /* Montserrat-SemiBold.ttf */; };
		68316218CF494DB385670235 /* Montserrat-Italic.ttf in Resources */ = {isa = PBXBuildFile; fileRef = 216631E5575D4B64B54B7273 /* Montserrat-Italic.ttf */; };
		69701791C1479C1DD8215892 /* PrivacyInfo.xcprivacy in Resources */ = {isa = PBXBuildFile; fileRef = 13B07FB81A68108700A75B9A /* PrivacyInfo.xcprivacy */; };
		761780ED2CA45674006654EE /* AppDelegate.swift in Sources */ = {isa = PBXBuildFile; fileRef = 761780EC2CA45674006654EE /* AppDelegate.swift */; };
		81AB9BB82411601600AC10FF /* LaunchScreen.storyboard in Resources */ = {isa = PBXBuildFile; fileRef = 81AB9BB72411601600AC10FF /* LaunchScreen.storyboard */; };
		9F44C8E334094D5A98B828D8 /* Montserrat-ExtraBoldItalic.ttf in Resources */ = {isa = PBXBuildFile; fileRef = 405569CBF561471EB4678B90 /* Montserrat-ExtraBoldItalic.ttf */; };
		A2C607AACBCA48D1A1655AAE /* Montserrat-Regular.ttf in Resources */ = {isa = PBXBuildFile; fileRef = B5E689077DB94E95BCB5DA6B /* Montserrat-Regular.ttf */; };
		B8522C67814A416BA1DFD354 /* Montserrat-Medium.ttf in Resources */ = {isa = PBXBuildFile; fileRef = E1043D860F01434EA1D4EFC2 /* Montserrat-Medium.ttf */; };
		BC7477E571E24D048E462B77 /* Montserrat-Black.ttf in Resources */ = {isa = PBXBuildFile; fileRef = 4286D612A02E4ED59992768C /* Montserrat-Black.ttf */; };
		C05106E469C84ECABE0FA247 /* Montserrat-BlackItalic.ttf in Resources */ = {isa = PBXBuildFile; fileRef = 40BE31DE7F864D969B1726C8 /* Montserrat-BlackItalic.ttf */; };
		C1B756AF63014828A6B43A47 /* Montserrat-LightItalic.ttf in Resources */ = {isa = PBXBuildFile; fileRef = 33F2EED4889144ADB2FBE0E8 /* Montserrat-LightItalic.ttf */; };
		C78C3F4DFD664A9C975276D8 /* README.txt in Resources */ = {isa = PBXBuildFile; fileRef = 118F8F7CDE264AD793174F76 /* README.txt */; };
		C80C55EF15474DCABBD42579 /* Montserrat-ExtraLightItalic.ttf in Resources */ = {isa = PBXBuildFile; fileRef = 3695FEA44572470E9B24AF4E /* Montserrat-ExtraLightItalic.ttf */; };
		E840F7E66D3D42A583FAA797 /* Montserrat-MediumItalic.ttf in Resources */ = {isa = PBXBuildFile; fileRef = 8205DAFED7754D7F97FA9379 /* Montserrat-MediumItalic.ttf */; };
		E9CC0D03C3964477A0B9D813 /* Montserrat-ExtraBold.ttf in Resources */ = {isa = PBXBuildFile; fileRef = 3F5D2E60CD5443CDA55CA289 /* Montserrat-ExtraBold.ttf */; };
		F810BB5424A643D0BCFCD042 /* Montserrat-ThinItalic.ttf in Resources */ = {isa = PBXBuildFile; fileRef = AB781D376AA248FB82D284AF /* Montserrat-ThinItalic.ttf */; };
		FF0D672B97CE4C3EA656F9F2 /* Montserrat-Thin.ttf in Resources */ = {isa = PBXBuildFile; fileRef = B4F76154CB074397B53E3571 /* Montserrat-Thin.ttf */; };
/* End PBXBuildFile section */

/* Begin PBXFileReference section */
		03ADA4132291186A3AC2EA5A /* Pods-Ec_Services.release.xcconfig */ = {isa = PBXFileReference; includeInIndex = 1; lastKnownFileType = text.xcconfig; name = "Pods-Ec_Services.release.xcconfig"; path = "Target Support Files/Pods-Ec_Services/Pods-Ec_Services.release.xcconfig"; sourceTree = "<group>"; };
		068402F343224B2DA787F0FE /* Montserrat-BoldItalic.ttf */ = {isa = PBXFileReference; explicitFileType = undefined; fileEncoding = 9; includeInIndex = 0; lastKnownFileType = unknown; name = "Montserrat-BoldItalic.ttf"; path = "../src/Assets/fonts/Montserrat-BoldItalic.ttf"; sourceTree = "<group>"; };
		118F8F7CDE264AD793174F76 /* README.txt */ = {isa = PBXFileReference; explicitFileType = undefined; fileEncoding = 9; includeInIndex = 0; lastKnownFileType = unknown; name = README.txt; path = ../src/Assets/fonts/README.txt; sourceTree = "<group>"; };
		122A031FA2D24ADEB2BDDCDE /* Montserrat-VariableFont_wght.ttf */ = {isa = PBXFileReference; explicitFileType = undefined; fileEncoding = 9; includeInIndex = 0; lastKnownFileType = unknown; name = "Montserrat-VariableFont_wght.ttf"; path = "../src/Assets/fonts/Montserrat-VariableFont_wght.ttf"; sourceTree = "<group>"; };
		13B07F961A680F5B00A75B9A /* Ec_Services.app */ = {isa = PBXFileReference; explicitFileType = wrapper.application; includeInIndex = 0; path = Ec_Services.app; sourceTree = BUILT_PRODUCTS_DIR; };
		13B07FB51A68108700A75B9A /* Images.xcassets */ = {isa = PBXFileReference; lastKnownFileType = folder.assetcatalog; name = Images.xcassets; path = Ec_Services/Images.xcassets; sourceTree = "<group>"; };
		13B07FB61A68108700A75B9A /* Info.plist */ = {isa = PBXFileReference; fileEncoding = 4; lastKnownFileType = text.plist.xml; name = Info.plist; path = Ec_Services/Info.plist; sourceTree = "<group>"; };
		13B07FB81A68108700A75B9A /* PrivacyInfo.xcprivacy */ = {isa = PBXFileReference; fileEncoding = 4; lastKnownFileType = text.plist.xml; name = PrivacyInfo.xcprivacy; path = Ec_Services/PrivacyInfo.xcprivacy; sourceTree = "<group>"; };
		216631E5575D4B64B54B7273 /* Montserrat-Italic.ttf */ = {isa = PBXFileReference; explicitFileType = undefined; fileEncoding = 9; includeInIndex = 0; lastKnownFileType = unknown; name = "Montserrat-Italic.ttf"; path = "../src/Assets/fonts/Montserrat-Italic.ttf"; sourceTree = "<group>"; };
		2C228DB10B1D4CAF80994344 /* Montserrat-SemiBold.ttf */ = {isa = PBXFileReference; explicitFileType = undefined; fileEncoding = 9; includeInIndex = 0; lastKnownFileType = unknown; name = "Montserrat-SemiBold.ttf"; path = "../src/Assets/fonts/Montserrat-SemiBold.ttf"; sourceTree = "<group>"; };
		33F2EED4889144ADB2FBE0E8 /* Montserrat-LightItalic.ttf */ = {isa = PBXFileReference; explicitFileType = undefined; fileEncoding = 9; includeInIndex = 0; lastKnownFileType = unknown; name = "Montserrat-LightItalic.ttf"; path = "../src/Assets/fonts/Montserrat-LightItalic.ttf"; sourceTree = "<group>"; };
		34526CDDC5A0D9E37BFF93B0 /* Pods-Ec_Services.debug.xcconfig */ = {isa = PBXFileReference; includeInIndex = 1; lastKnownFileType = text.xcconfig; name = "Pods-Ec_Services.debug.xcconfig"; path = "Target Support Files/Pods-Ec_Services/Pods-Ec_Services.debug.xcconfig"; sourceTree = "<group>"; };
		3695FEA44572470E9B24AF4E /* Montserrat-ExtraLightItalic.ttf */ = {isa = PBXFileReference; explicitFileType = undefined; fileEncoding = 9; includeInIndex = 0; lastKnownFileType = unknown; name = "Montserrat-ExtraLightItalic.ttf"; path = "../src/Assets/fonts/Montserrat-ExtraLightItalic.ttf"; sourceTree = "<group>"; };
		3F5D2E60CD5443CDA55CA289 /* Montserrat-ExtraBold.ttf */ = {isa = PBXFileReference; explicitFileType = undefined; fileEncoding = 9; includeInIndex = 0; lastKnownFileType = unknown; name = "Montserrat-ExtraBold.ttf"; path = "../src/Assets/fonts/Montserrat-ExtraBold.ttf"; sourceTree = "<group>"; };
		405569CBF561471EB4678B90 /* Montserrat-ExtraBoldItalic.ttf */ = {isa = PBXFileReference; explicitFileType = undefined; fileEncoding = 9; includeInIndex = 0; lastKnownFileType = unknown; name = "Montserrat-ExtraBoldItalic.ttf"; path = "../src/Assets/fonts/Montserrat-ExtraBoldItalic.ttf"; sourceTree = "<group>"; };
		40BE31DE7F864D969B1726C8 /* Montserrat-BlackItalic.ttf */ = {isa = PBXFileReference; explicitFileType = undefined; fileEncoding = 9; includeInIndex = 0; lastKnownFileType = unknown; name = "Montserrat-BlackItalic.ttf"; path = "../src/Assets/fonts/Montserrat-BlackItalic.ttf"; sourceTree = "<group>"; };
		41651D685B974E2187D78B7D /* OFL.txt */ = {isa = PBXFileReference; explicitFileType = undefined; fileEncoding = 9; includeInIndex = 0; lastKnownFileType = unknown; name = OFL.txt; path = ../src/Assets/fonts/OFL.txt; sourceTree = "<group>"; };
		4286D612A02E4ED59992768C /* Montserrat-Black.ttf */ = {isa = PBXFileReference; explicitFileType = undefined; fileEncoding = 9; includeInIndex = 0; lastKnownFileType = unknown; name = "Montserrat-Black.ttf"; path = "../src/Assets/fonts/Montserrat-Black.ttf"; sourceTree = "<group>"; };
		46BF72E0B4F642AA90614584 /* Montserrat-Bold.ttf */ = {isa = PBXFileReference; explicitFileType = undefined; fileEncoding = 9; includeInIndex = 0; lastKnownFileType = unknown; name = "Montserrat-Bold.ttf"; path = "../src/Assets/fonts/Montserrat-Bold.ttf"; sourceTree = "<group>"; };
		761780EC2CA45674006654EE /* AppDelegate.swift */ = {isa = PBXFileReference; lastKnownFileType = sourcecode.swift; name = AppDelegate.swift; path = Ec_Services/AppDelegate.swift; sourceTree = "<group>"; };
		81AB9BB72411601600AC10FF /* LaunchScreen.storyboard */ = {isa = PBXFileReference; fileEncoding = 4; lastKnownFileType = file.storyboard; name = LaunchScreen.storyboard; path = Ec_Services/LaunchScreen.storyboard; sourceTree = "<group>"; };
		8205DAFED7754D7F97FA9379 /* Montserrat-MediumItalic.ttf */ = {isa = PBXFileReference; explicitFileType = undefined; fileEncoding = 9; includeInIndex = 0; lastKnownFileType = unknown; name = "Montserrat-MediumItalic.ttf"; path = "../src/Assets/fonts/Montserrat-MediumItalic.ttf"; sourceTree = "<group>"; };
		8895747E8DC54CE4894A433B /* Montserrat-Light.ttf */ = {isa = PBXFileReference; explicitFileType = undefined; fileEncoding = 9; includeInIndex = 0; lastKnownFileType = unknown; name = "Montserrat-Light.ttf"; path = "../src/Assets/fonts/Montserrat-Light.ttf"; sourceTree = "<group>"; };
		AB781D376AA248FB82D284AF /* Montserrat-ThinItalic.ttf */ = {isa = PBXFileReference; explicitFileType = undefined; fileEncoding = 9; includeInIndex = 0; lastKnownFileType = unknown; name = "Montserrat-ThinItalic.ttf"; path = "../src/Assets/fonts/Montserrat-ThinItalic.ttf"; sourceTree = "<group>"; };
		AD1692DCD5C24C56BE5802E6 /* Montserrat-ExtraLight.ttf */ = {isa = PBXFileReference; explicitFileType = undefined; fileEncoding = 9; includeInIndex = 0; lastKnownFileType = unknown; name = "Montserrat-ExtraLight.ttf"; path = "../src/Assets/fonts/Montserrat-ExtraLight.ttf"; sourceTree = "<group>"; };
		B4F76154CB074397B53E3571 /* Montserrat-Thin.ttf */ = {isa = PBXFileReference; explicitFileType = undefined; fileEncoding = 9; includeInIndex = 0; lastKnownFileType = unknown; name = "Montserrat-Thin.ttf"; path = "../src/Assets/fonts/Montserrat-Thin.ttf"; sourceTree = "<group>"; };
		B5E689077DB94E95BCB5DA6B /* Montserrat-Regular.ttf */ = {isa = PBXFileReference; explicitFileType = undefined; fileEncoding = 9; includeInIndex = 0; lastKnownFileType = unknown; name = "Montserrat-Regular.ttf"; path = "../src/Assets/fonts/Montserrat-Regular.ttf"; sourceTree = "<group>"; };
		B69C6BE01B8C46B1B2DA3BF0 /* Montserrat-Italic-VariableFont_wght.ttf */ = {isa = PBXFileReference; explicitFileType = undefined; fileEncoding = 9; includeInIndex = 0; lastKnownFileType = unknown; name = "Montserrat-Italic-VariableFont_wght.ttf"; path = "../src/Assets/fonts/Montserrat-Italic-VariableFont_wght.ttf"; sourceTree = "<group>"; };
		D6E75B0FBD964BE7AF76DED4 /* Montserrat-SemiBoldItalic.ttf */ = {isa = PBXFileReference; explicitFileType = undefined; fileEncoding = 9; includeInIndex = 0; lastKnownFileType = unknown; name = "Montserrat-SemiBoldItalic.ttf"; path = "../src/Assets/fonts/Montserrat-SemiBoldItalic.ttf"; sourceTree = "<group>"; };
		DB36A1CF55E3F234AF0FD852 /* libPods-Ec_Services.a */ = {isa = PBXFileReference; explicitFileType = archive.ar; includeInIndex = 0; path = "libPods-Ec_Services.a"; sourceTree = BUILT_PRODUCTS_DIR; };
		E1043D860F01434EA1D4EFC2 /* Montserrat-Medium.ttf */ = {isa = PBXFileReference; explicitFileType = undefined; fileEncoding = 9; includeInIndex = 0; lastKnownFileType = unknown; name = "Montserrat-Medium.ttf"; path = "../src/Assets/fonts/Montserrat-Medium.ttf"; sourceTree = "<group>"; };
		ED297162215061F000B7C4FE /* JavaScriptCore.framework */ = {isa = PBXFileReference; lastKnownFileType = wrapper.framework; name = JavaScriptCore.framework; path = System/Library/Frameworks/JavaScriptCore.framework; sourceTree = SDKROOT; };
/* End PBXFileReference section */

/* Begin PBXFrameworksBuildPhase section */
		13B07F8C1A680F5B00A75B9A /* Frameworks */ = {
			isa = PBXFrameworksBuildPhase;
			buildActionMask = 2147483647;
			files = (
				54A86101ED0CC754F892E4E8 /* libPods-Ec_Services.a in Frameworks */,
			);
			runOnlyForDeploymentPostprocessing = 0;
		};
/* End PBXFrameworksBuildPhase section */

/* Begin PBXGroup section */
		13B07FAE1A68108700A75B9A /* Ec_Services */ = {
			isa = PBXGroup;
			children = (
				13B07FB51A68108700A75B9A /* Images.xcassets */,
				761780EC2CA45674006654EE /* AppDelegate.swift */,
				13B07FB61A68108700A75B9A /* Info.plist */,
				81AB9BB72411601600AC10FF /* LaunchScreen.storyboard */,
				13B07FB81A68108700A75B9A /* PrivacyInfo.xcprivacy */,
			);
			name = Ec_Services;
			sourceTree = "<group>";
		};
		17502561D7D5426F9B69BAEA /* Resources */ = {
			isa = PBXGroup;
			children = (
				4286D612A02E4ED59992768C /* Montserrat-Black.ttf */,
				40BE31DE7F864D969B1726C8 /* Montserrat-BlackItalic.ttf */,
				46BF72E0B4F642AA90614584 /* Montserrat-Bold.ttf */,
				068402F343224B2DA787F0FE /* Montserrat-BoldItalic.ttf */,
				3F5D2E60CD5443CDA55CA289 /* Montserrat-ExtraBold.ttf */,
				405569CBF561471EB4678B90 /* Montserrat-ExtraBoldItalic.ttf */,
				AD1692DCD5C24C56BE5802E6 /* Montserrat-ExtraLight.ttf */,
				3695FEA44572470E9B24AF4E /* Montserrat-ExtraLightItalic.ttf */,
				B69C6BE01B8C46B1B2DA3BF0 /* Montserrat-Italic-VariableFont_wght.ttf */,
				216631E5575D4B64B54B7273 /* Montserrat-Italic.ttf */,
				8895747E8DC54CE4894A433B /* Montserrat-Light.ttf */,
				33F2EED4889144ADB2FBE0E8 /* Montserrat-LightItalic.ttf */,
				E1043D860F01434EA1D4EFC2 /* Montserrat-Medium.ttf */,
				8205DAFED7754D7F97FA9379 /* Montserrat-MediumItalic.ttf */,
				B5E689077DB94E95BCB5DA6B /* Montserrat-Regular.ttf */,
				2C228DB10B1D4CAF80994344 /* Montserrat-SemiBold.ttf */,
				D6E75B0FBD964BE7AF76DED4 /* Montserrat-SemiBoldItalic.ttf */,
				B4F76154CB074397B53E3571 /* Montserrat-Thin.ttf */,
				AB781D376AA248FB82D284AF /* Montserrat-ThinItalic.ttf */,
				122A031FA2D24ADEB2BDDCDE /* Montserrat-VariableFont_wght.ttf */,
				41651D685B974E2187D78B7D /* OFL.txt */,
				118F8F7CDE264AD793174F76 /* README.txt */,
			);
			name = Resources;
			sourceTree = "<group>";
		};
		2D16E6871FA4F8E400B85C8A /* Frameworks */ = {
			isa = PBXGroup;
			children = (
				ED297162215061F000B7C4FE /* JavaScriptCore.framework */,
				DB36A1CF55E3F234AF0FD852 /* libPods-Ec_Services.a */,
			);
			name = Frameworks;
			sourceTree = "<group>";
		};
		832341AE1AAA6A7D00B99B32 /* Libraries */ = {
			isa = PBXGroup;
			children = (
			);
			name = Libraries;
			sourceTree = "<group>";
		};
		83CBB9F61A601CBA00E9B192 = {
			isa = PBXGroup;
			children = (
				13B07FAE1A68108700A75B9A /* Ec_Services */,
				832341AE1AAA6A7D00B99B32 /* Libraries */,
				83CBBA001A601CBA00E9B192 /* Products */,
				2D16E6871FA4F8E400B85C8A /* Frameworks */,
				BBD78D7AC51CEA395F1C20DB /* Pods */,
				17502561D7D5426F9B69BAEA /* Resources */,
			);
			indentWidth = 2;
			sourceTree = "<group>";
			tabWidth = 2;
			usesTabs = 0;
		};
		83CBBA001A601CBA00E9B192 /* Products */ = {
			isa = PBXGroup;
			children = (
				13B07F961A680F5B00A75B9A /* Ec_Services.app */,
			);
			name = Products;
			sourceTree = "<group>";
		};
		BBD78D7AC51CEA395F1C20DB /* Pods */ = {
			isa = PBXGroup;
			children = (
				34526CDDC5A0D9E37BFF93B0 /* Pods-Ec_Services.debug.xcconfig */,
				03ADA4132291186A3AC2EA5A /* Pods-Ec_Services.release.xcconfig */,
			);
			path = Pods;
			sourceTree = "<group>";
		};
/* End PBXGroup section */

/* Begin PBXNativeTarget section */
		13B07F861A680F5B00A75B9A /* Ec_Services */ = {
			isa = PBXNativeTarget;
			buildConfigurationList = 13B07F931A680F5B00A75B9A /* Build configuration list for PBXNativeTarget "Ec_Services" */;
			buildPhases = (
				F702EA583E1376FAA83628A1 /* [CP] Check Pods Manifest.lock */,
				13B07F871A680F5B00A75B9A /* Sources */,
				13B07F8C1A680F5B00A75B9A /* Frameworks */,
				13B07F8E1A680F5B00A75B9A /* Resources */,
				00DD1BFF1BD5951E006B06BC /* Bundle React Native code and images */,
				04E090EE53E3409698E8A612 /* [CP] Embed Pods Frameworks */,
				9A382486EBACD33F15C3837C /* [CP] Copy Pods Resources */,
			);
			buildRules = (
			);
			dependencies = (
			);
			name = Ec_Services;
			productName = Ec_Services;
			productReference = 13B07F961A680F5B00A75B9A /* Ec_Services.app */;
			productType = "com.apple.product-type.application";
		};
/* End PBXNativeTarget section */

/* Begin PBXProject section */
		83CBB9F71A601CBA00E9B192 /* Project object */ = {
			isa = PBXProject;
			attributes = {
				LastUpgradeCheck = 1210;
				TargetAttributes = {
					13B07F861A680F5B00A75B9A = {
						LastSwiftMigration = 1120;
					};
				};
			};
			buildConfigurationList = 83CBB9FA1A601CBA00E9B192 /* Build configuration list for PBXProject "Ec_Services" */;
			compatibilityVersion = "Xcode 12.0";
			developmentRegion = en;
			hasScannedForEncodings = 0;
			knownRegions = (
				en,
				Base,
			);
			mainGroup = 83CBB9F61A601CBA00E9B192;
			productRefGroup = 83CBBA001A601CBA00E9B192 /* Products */;
			projectDirPath = "";
			projectRoot = "";
			targets = (
				13B07F861A680F5B00A75B9A /* Ec_Services */,
			);
		};
/* End PBXProject section */

/* Begin PBXResourcesBuildPhase section */
		13B07F8E1A680F5B00A75B9A /* Resources */ = {
			isa = PBXResourcesBuildPhase;
			buildActionMask = 2147483647;
			files = (
				81AB9BB82411601600AC10FF /* LaunchScreen.storyboard in Resources */,
				13B07FBF1A68108700A75B9A /* Images.xcassets in Resources */,
				69701791C1479C1DD8215892 /* PrivacyInfo.xcprivacy in Resources */,
				BC7477E571E24D048E462B77 /* Montserrat-Black.ttf in Resources */,
				C05106E469C84ECABE0FA247 /* Montserrat-BlackItalic.ttf in Resources */,
				5914003C31424637A91C7635 /* Montserrat-Bold.ttf in Resources */,
				5B0F2618C1EC4A7B8BA33601 /* Montserrat-BoldItalic.ttf in Resources */,
				E9CC0D03C3964477A0B9D813 /* Montserrat-ExtraBold.ttf in Resources */,
				9F44C8E334094D5A98B828D8 /* Montserrat-ExtraBoldItalic.ttf in Resources */,
				5992CB5C359F4CBBA6584C71 /* Montserrat-ExtraLight.ttf in Resources */,
				C80C55EF15474DCABBD42579 /* Montserrat-ExtraLightItalic.ttf in Resources */,
				5453DF7E9DD74CA6A1523B0C /* Montserrat-Italic-VariableFont_wght.ttf in Resources */,
				68316218CF494DB385670235 /* Montserrat-Italic.ttf in Resources */,
				4F9D1B14D81A4ABC905D8CED /* Montserrat-Light.ttf in Resources */,
				C1B756AF63014828A6B43A47 /* Montserrat-LightItalic.ttf in Resources */,
				B8522C67814A416BA1DFD354 /* Montserrat-Medium.ttf in Resources */,
				E840F7E66D3D42A583FAA797 /* Montserrat-MediumItalic.ttf in Resources */,
				A2C607AACBCA48D1A1655AAE /* Montserrat-Regular.ttf in Resources */,
				5B7EEB3487BE4530A2DD5559 /* Montserrat-SemiBold.ttf in Resources */,
				457A794E2EF247A2A3FEBC10 /* Montserrat-SemiBoldItalic.ttf in Resources */,
				FF0D672B97CE4C3EA656F9F2 /* Montserrat-Thin.ttf in Resources */,
				F810BB5424A643D0BCFCD042 /* Montserrat-ThinItalic.ttf in Resources */,
				38E9B9344B404CCB914B13DE /* Montserrat-VariableFont_wght.ttf in Resources */,
				585A39EAC1CF4F0C9469170A /* OFL.txt in Resources */,
				C78C3F4DFD664A9C975276D8 /* README.txt in Resources */,
			);
			runOnlyForDeploymentPostprocessing = 0;
		};
/* End PBXResourcesBuildPhase section */

/* Begin PBXShellScriptBuildPhase section */
		00DD1BFF1BD5951E006B06BC /* Bundle React Native code and images */ = {
			isa = PBXShellScriptBuildPhase;
			buildActionMask = 2147483647;
			files = (
			);
			inputPaths = (
				"$(SRCROOT)/.xcode.env.local",
				"$(SRCROOT)/.xcode.env",
			);
			name = "Bundle React Native code and images";
			outputPaths = (
			);
			runOnlyForDeploymentPostprocessing = 0;
			shellPath = /bin/sh;
			shellScript = "set -e\n\nWITH_ENVIRONMENT=\"$REACT_NATIVE_PATH/scripts/xcode/with-environment.sh\"\nREACT_NATIVE_XCODE=\"$REACT_NATIVE_PATH/scripts/react-native-xcode.sh\"\n\n/bin/sh -c \"$WITH_ENVIRONMENT $REACT_NATIVE_XCODE\"\n";
		};
		04E090EE53E3409698E8A612 /* [CP] Embed Pods Frameworks */ = {
			isa = PBXShellScriptBuildPhase;
			buildActionMask = 2147483647;
			files = (
			);
			inputFileListPaths = (
				"${PODS_ROOT}/Target Support Files/Pods-Ec_Services/Pods-Ec_Services-frameworks-${CONFIGURATION}-input-files.xcfilelist",
			);
			inputPaths = (
			);
			name = "[CP] Embed Pods Frameworks";
			outputFileListPaths = (
				"${PODS_ROOT}/Target Support Files/Pods-Ec_Services/Pods-Ec_Services-frameworks-${CONFIGURATION}-output-files.xcfilelist",
			);
			outputPaths = (
			);
			runOnlyForDeploymentPostprocessing = 0;
			shellPath = /bin/sh;
			shellScript = "\"${PODS_ROOT}/Target Support Files/Pods-Ec_Services/Pods-Ec_Services-frameworks.sh\"\n";
			showEnvVarsInLog = 0;
		};
		9A382486EBACD33F15C3837C /* [CP] Copy Pods Resources */ = {
			isa = PBXShellScriptBuildPhase;
			buildActionMask = 2147483647;
			files = (
			);
			inputFileListPaths = (
				"${PODS_ROOT}/Target Support Files/Pods-Ec_Services/Pods-Ec_Services-resources-${CONFIGURATION}-input-files.xcfilelist",
			);
			inputPaths = (
			);
			name = "[CP] Copy Pods Resources";
			outputFileListPaths = (
				"${PODS_ROOT}/Target Support Files/Pods-Ec_Services/Pods-Ec_Services-resources-${CONFIGURATION}-output-files.xcfilelist",
			);
			outputPaths = (
			);
			runOnlyForDeploymentPostprocessing = 0;
			shellPath = /bin/sh;
			shellScript = "\"${PODS_ROOT}/Target Support Files/Pods-Ec_Services/Pods-Ec_Services-resources.sh\"\n";
			showEnvVarsInLog = 0;
		};
		F702EA583E1376FAA83628A1 /* [CP] Check Pods Manifest.lock */ = {
			isa = PBXShellScriptBuildPhase;
			buildActionMask = 2147483647;
			files = (
			);
			inputFileListPaths = (
			);
			inputPaths = (
				"${PODS_PODFILE_DIR_PATH}/Podfile.lock",
				"${PODS_ROOT}/Manifest.lock",
			);
			name = "[CP] Check Pods Manifest.lock";
			outputFileListPaths = (
			);
			outputPaths = (
				"$(DERIVED_FILE_DIR)/Pods-Ec_Services-checkManifestLockResult.txt",
			);
			runOnlyForDeploymentPostprocessing = 0;
			shellPath = /bin/sh;
			shellScript = "diff \"${PODS_PODFILE_DIR_PATH}/Podfile.lock\" \"${PODS_ROOT}/Manifest.lock\" > /dev/null\nif [ $? != 0 ] ; then\n    # print error to STDERR\n    echo \"error: The sandbox is not in sync with the Podfile.lock. Run 'pod install' or update your CocoaPods installation.\" >&2\n    exit 1\nfi\n# This output is used by Xcode 'outputs' to avoid re-running this script phase.\necho \"SUCCESS\" > \"${SCRIPT_OUTPUT_FILE_0}\"\n";
			showEnvVarsInLog = 0;
		};
/* End PBXShellScriptBuildPhase section */

/* Begin PBXSourcesBuildPhase section */
		13B07F871A680F5B00A75B9A /* Sources */ = {
			isa = PBXSourcesBuildPhase;
			buildActionMask = 2147483647;
			files = (
				761780ED2CA45674006654EE /* AppDelegate.swift in Sources */,
			);
			runOnlyForDeploymentPostprocessing = 0;
		};
/* End PBXSourcesBuildPhase section */

/* Begin XCBuildConfiguration section */
		13B07F941A680F5B00A75B9A /* Debug */ = {
			isa = XCBuildConfiguration;
			baseConfigurationReference = 34526CDDC5A0D9E37BFF93B0 /* Pods-Ec_Services.debug.xcconfig */;
			buildSettings = {
				ASSETCATALOG_COMPILER_APPICON_NAME = AppIcon;
				CLANG_ENABLE_MODULES = YES;
				CODE_SIGN_IDENTITY = "Apple Development";
				CODE_SIGN_STYLE = Automatic;
				CURRENT_PROJECT_VERSION = 1;
				DEVELOPMENT_TEAM = 9VCJV7F4MC;
				ENABLE_BITCODE = NO;
				INFOPLIST_FILE = Ec_Services/Info.plist;
				IPHONEOS_DEPLOYMENT_TARGET = 15.1;
				LD_RUNPATH_SEARCH_PATHS = (
					"$(inherited)",
					"@executable_path/Frameworks",
				);
				MARKETING_VERSION = 1.0;
				OTHER_LDFLAGS = (
					"$(inherited)",
					"-ObjC",
					"-lc++",
				);
				PRODUCT_BUNDLE_IDENTIFIER = com.spiderindia.ecservices;
				PRODUCT_NAME = Ec_Services;
				PROVISIONING_PROFILE_SPECIFIER = "";
				SWIFT_OPTIMIZATION_LEVEL = "-Onone";
				SWIFT_VERSION = 5.0;
				VERSIONING_SYSTEM = "apple-generic";
			};
			name = Debug;
		};
		13B07F951A680F5B00A75B9A /* Release */ = {
			isa = XCBuildConfiguration;
			baseConfigurationReference = 03ADA4132291186A3AC2EA5A /* Pods-Ec_Services.release.xcconfig */;
			buildSettings = {
				ASSETCATALOG_COMPILER_APPICON_NAME = AppIcon;
				CLANG_ENABLE_MODULES = YES;
				CODE_SIGN_IDENTITY = "Apple Development";
				CODE_SIGN_STYLE = Automatic;
				CURRENT_PROJECT_VERSION = 1;
				DEVELOPMENT_TEAM = 9VCJV7F4MC;
				INFOPLIST_FILE = Ec_Services/Info.plist;
				IPHONEOS_DEPLOYMENT_TARGET = 15.1;
				LD_RUNPATH_SEARCH_PATHS = (
					"$(inherited)",
					"@executable_path/Frameworks",
				);
				MARKETING_VERSION = 1.0;
				OTHER_LDFLAGS = (
					"$(inherited)",
					"-ObjC",
					"-lc++",
				);
				PRODUCT_BUNDLE_IDENTIFIER = com.spiderindia.ecservices;
				PRODUCT_NAME = Ec_Services;
				PROVISIONING_PROFILE_SPECIFIER = "";
				SWIFT_VERSION = 5.0;
				VERSIONING_SYSTEM = "apple-generic";
			};
			name = Release;
		};
		83CBBA201A601CBA00E9B192 /* Debug */ = {
			isa = XCBuildConfiguration;
			buildSettings = {
				ALWAYS_SEARCH_USER_PATHS = NO;
				CLANG_ANALYZER_LOCALIZABILITY_NONLOCALIZED = YES;
				CLANG_CXX_LANGUAGE_STANDARD = "c++20";
				CLANG_CXX_LIBRARY = "libc++";
				CLANG_ENABLE_MODULES = YES;
				CLANG_ENABLE_OBJC_ARC = YES;
				CLANG_WARN_BLOCK_CAPTURE_AUTORELEASING = YES;
				CLANG_WARN_BOOL_CONVERSION = YES;
				CLANG_WARN_COMMA = YES;
				CLANG_WARN_CONSTANT_CONVERSION = YES;
				CLANG_WARN_DEPRECATED_OBJC_IMPLEMENTATIONS = YES;
				CLANG_WARN_DIRECT_OBJC_ISA_USAGE = YES_ERROR;
				CLANG_WARN_EMPTY_BODY = YES;
				CLANG_WARN_ENUM_CONVERSION = YES;
				CLANG_WARN_INFINITE_RECURSION = YES;
				CLANG_WARN_INT_CONVERSION = YES;
				CLANG_WARN_NON_LITERAL_NULL_CONVERSION = YES;
				CLANG_WARN_OBJC_IMPLICIT_RETAIN_SELF = YES;
				CLANG_WARN_OBJC_LITERAL_CONVERSION = YES;
				CLANG_WARN_OBJC_ROOT_CLASS = YES_ERROR;
				CLANG_WARN_QUOTED_INCLUDE_IN_FRAMEWORK_HEADER = YES;
				CLANG_WARN_RANGE_LOOP_ANALYSIS = YES;
				CLANG_WARN_STRICT_PROTOTYPES = YES;
				CLANG_WARN_SUSPICIOUS_MOVE = YES;
				CLANG_WARN_UNREACHABLE_CODE = YES;
				CLANG_WARN__DUPLICATE_METHOD_MATCH = YES;
				"CODE_SIGN_IDENTITY[sdk=iphoneos*]" = "iPhone Developer";
				COPY_PHASE_STRIP = NO;
				ENABLE_STRICT_OBJC_MSGSEND = YES;
				ENABLE_TESTABILITY = YES;
				"EXCLUDED_ARCHS[sdk=iphonesimulator*]" = "";
				GCC_C_LANGUAGE_STANDARD = gnu99;
				GCC_DYNAMIC_NO_PIC = NO;
				GCC_NO_COMMON_BLOCKS = YES;
				GCC_OPTIMIZATION_LEVEL = 0;
				GCC_PREPROCESSOR_DEFINITIONS = (
					"DEBUG=1",
					"$(inherited)",
				);
				GCC_SYMBOLS_PRIVATE_EXTERN = NO;
				GCC_WARN_64_TO_32_BIT_CONVERSION = YES;
				GCC_WARN_ABOUT_RETURN_TYPE = YES_ERROR;
				GCC_WARN_UNDECLARED_SELECTOR = YES;
				GCC_WARN_UNINITIALIZED_AUTOS = YES_AGGRESSIVE;
				GCC_WARN_UNUSED_FUNCTION = YES;
				GCC_WARN_UNUSED_VARIABLE = YES;
				IPHONEOS_DEPLOYMENT_TARGET = 15.1;
				LD_RUNPATH_SEARCH_PATHS = (
					/usr/lib/swift,
					"$(inherited)",
				);
				LIBRARY_SEARCH_PATHS = (
					"\"$(SDKROOT)/usr/lib/swift\"",
					"\"$(TOOLCHAIN_DIR)/usr/lib/swift/$(PLATFORM_NAME)\"",
					"\"$(inherited)\"",
				);
				MTL_ENABLE_DEBUG_INFO = YES;
				ONLY_ACTIVE_ARCH = YES;
				OTHER_CPLUSPLUSFLAGS = (
					"$(OTHER_CFLAGS)",
					"-DFOLLY_NO_CONFIG",
					"-DFOLLY_MOBILE=1",
					"-DFOLLY_USE_LIBCPP=1",
					"-DFOLLY_CFG_NO_COROUTINES=1",
					"-DFOLLY_HAVE_CLOCK_GETTIME=1",
				);
				OTHER_LDFLAGS = "$(inherited)  ";
				REACT_NATIVE_PATH = "${PODS_ROOT}/../../node_modules/react-native";
				SDKROOT = iphoneos;
				SWIFT_ACTIVE_COMPILATION_CONDITIONS = "$(inherited) DEBUG";
				USE_HERMES = true;
			};
			name = Debug;
		};
		83CBBA211A601CBA00E9B192 /* Release */ = {
			isa = XCBuildConfiguration;
			buildSettings = {
				ALWAYS_SEARCH_USER_PATHS = NO;
				CLANG_ANALYZER_LOCALIZABILITY_NONLOCALIZED = YES;
				CLANG_CXX_LANGUAGE_STANDARD = "c++20";
				CLANG_CXX_LIBRARY = "libc++";
				CLANG_ENABLE_MODULES = YES;
				CLANG_ENABLE_OBJC_ARC = YES;
				CLANG_WARN_BLOCK_CAPTURE_AUTORELEASING = YES;
				CLANG_WARN_BOOL_CONVERSION = YES;
				CLANG_WARN_COMMA = YES;
				CLANG_WARN_CONSTANT_CONVERSION = YES;
				CLANG_WARN_DEPRECATED_OBJC_IMPLEMENTATIONS = YES;
				CLANG_WARN_DIRECT_OBJC_ISA_USAGE = YES_ERROR;
				CLANG_WARN_EMPTY_BODY = YES;
				CLANG_WARN_ENUM_CONVERSION = YES;
				CLANG_WARN_INFINITE_RECURSION = YES;
				CLANG_WARN_INT_CONVERSION = YES;
				CLANG_WARN_NON_LITERAL_NULL_CONVERSION = YES;
				CLANG_WARN_OBJC_IMPLICIT_RETAIN_SELF = YES;
				CLANG_WARN_OBJC_LITERAL_CONVERSION = YES;
				CLANG_WARN_OBJC_ROOT_CLASS = YES_ERROR;
				CLANG_WARN_QUOTED_INCLUDE_IN_FRAMEWORK_HEADER = YES;
				CLANG_WARN_RANGE_LOOP_ANALYSIS = YES;
				CLANG_WARN_STRICT_PROTOTYPES = YES;
				CLANG_WARN_SUSPICIOUS_MOVE = YES;
				CLANG_WARN_UNREACHABLE_CODE = YES;
				CLANG_WARN__DUPLICATE_METHOD_MATCH = YES;
				"CODE_SIGN_IDENTITY[sdk=iphoneos*]" = "iPhone Developer";
				COPY_PHASE_STRIP = YES;
				ENABLE_NS_ASSERTIONS = NO;
				ENABLE_STRICT_OBJC_MSGSEND = YES;
				"EXCLUDED_ARCHS[sdk=iphonesimulator*]" = "";
				GCC_C_LANGUAGE_STANDARD = gnu99;
				GCC_NO_COMMON_BLOCKS = YES;
				GCC_WARN_64_TO_32_BIT_CONVERSION = YES;
				GCC_WARN_ABOUT_RETURN_TYPE = YES_ERROR;
				GCC_WARN_UNDECLARED_SELECTOR = YES;
				GCC_WARN_UNINITIALIZED_AUTOS = YES_AGGRESSIVE;
				GCC_WARN_UNUSED_FUNCTION = YES;
				GCC_WARN_UNUSED_VARIABLE = YES;
				IPHONEOS_DEPLOYMENT_TARGET = 15.1;
				LD_RUNPATH_SEARCH_PATHS = (
					/usr/lib/swift,
					"$(inherited)",
				);
				LIBRARY_SEARCH_PATHS = (
					"\"$(SDKROOT)/usr/lib/swift\"",
					"\"$(TOOLCHAIN_DIR)/usr/lib/swift/$(PLATFORM_NAME)\"",
					"\"$(inherited)\"",
				);
				MTL_ENABLE_DEBUG_INFO = NO;
				OTHER_CPLUSPLUSFLAGS = (
					"$(OTHER_CFLAGS)",
					"-DFOLLY_NO_CONFIG",
					"-DFOLLY_MOBILE=1",
					"-DFOLLY_USE_LIBCPP=1",
					"-DFOLLY_CFG_NO_COROUTINES=1",
					"-DFOLLY_HAVE_CLOCK_GETTIME=1",
				);
				OTHER_LDFLAGS = "$(inherited)  ";
				REACT_NATIVE_PATH = "${PODS_ROOT}/../../node_modules/react-native";
				SDKROOT = iphoneos;
				USE_HERMES = true;
				VALIDATE_PRODUCT = YES;
			};
			name = Release;
		};
/* End XCBuildConfiguration section */

/* Begin XCConfigurationList section */
		13B07F931A680F5B00A75B9A /* Build configuration list for PBXNativeTarget "Ec_Services" */ = {
			isa = XCConfigurationList;
			buildConfigurations = (
				13B07F941A680F5B00A75B9A /* Debug */,
				13B07F951A680F5B00A75B9A /* Release */,
			);
			defaultConfigurationIsVisible = 0;
			defaultConfigurationName = Release;
		};
		83CBB9FA1A601CBA00E9B192 /* Build configuration list for PBXProject "Ec_Services" */ = {
			isa = XCConfigurationList;
			buildConfigurations = (
				83CBBA201A601CBA00E9B192 /* Debug */,
				83CBBA211A601CBA00E9B192 /* Release */,
			);
			defaultConfigurationIsVisible = 0;
			defaultConfigurationName = Release;
		};
/* End XCConfigurationList section */
	};
	rootObject = 83CBB9F71A601CBA00E9B192 /* Project object */;
}
